{
  "name": "StellarStream",
  "lockfileVersion": 3,
  "requires": true,
  "packages": {
    "": {
      "dependencies": {
        "react-joyride": "^3.0.0"
      },
      "devDependencies": {
        "@types/react": "^19.2.14",
        "@types/react-dom": "^19.2.3"
      }
    },
    "node_modules/@fastify/deepmerge": {
      "version": "3.2.1",
      "resolved": "https://registry.npmjs.org/@fastify/deepmerge/-/deepmerge-3.2.1.tgz",
      "integrity": "sha512-N5Oqvltoa2r9z1tbx4xjky0oRR60v+T47Ic4J1ukoVQcptLOrIdRnCSdTGmOmajZuHVKlTnfcmrjyqsGEW1ztA==",
      "funding": [
        {
          "type": "github",
          "url": "https://github.com/sponsors/fastify"
        },
        {
          "type": "opencollective",
          "url": "https://opencollective.com/fastify"
        }
      ],
      "license": "MIT"
    },
    "node_modules/@floating-ui/core": {
      "version": "1.7.5",
      "resolved": "https://registry.npmjs.org/@floating-ui/core/-/core-1.7.5.tgz",
      "integrity": "sha512-1Ih4WTWyw0+lKyFMcBHGbb5U5FtuHJuujoyyr5zTaWS5EYMeT6Jb2AuDeftsCsEuchO+mM2ij5+q9crhydzLhQ==",
      "license": "MIT",
      "dependencies": {
        "@floating-ui/utils": "^0.2.11"
      }
    },
    "node_modules/@floating-ui/dom": {
      "version": "1.7.6",
      "resolved": "https://registry.npmjs.org/@floating-ui/dom/-/dom-1.7.6.tgz",
      "integrity": "sha512-9gZSAI5XM36880PPMm//9dfiEngYoC6Am2izES1FF406YFsjvyBMmeJ2g4SAju3xWwtuynNRFL2s9hgxpLI5SQ==",
      "license": "MIT",
      "dependencies": {
        "@floating-ui/core": "^1.7.5",
        "@floating-ui/utils": "^0.2.11"
      }
    },
    "node_modules/@floating-ui/react-dom": {
      "version": "2.1.8",
      "resolved": "https://registry.npmjs.org/@floating-ui/react-dom/-/react-dom-2.1.8.tgz",
      "integrity": "sha512-cC52bHwM/n/CxS87FH0yWdngEZrjdtLW/qVruo68qg+prK7ZQ4YGdut2GyDVpoGeAYe/h899rVeOVm6Oi40k2A==",
      "license": "MIT",
      "dependencies": {
        "@floating-ui/dom": "^1.7.6"
      },
      "peerDependencies": {
        "react": ">=16.8.0",
        "react-dom": ">=16.8.0"
      }
    },
    "node_modules/@floating-ui/utils": {
      "version": "0.2.11",
      "resolved": "https://registry.npmjs.org/@floating-ui/utils/-/utils-0.2.11.tgz",
      "integrity": "sha512-RiB/yIh78pcIxl6lLMG0CgBXAZ2Y0eVHqMPYugu+9U0AeT6YBeiJpf7lbdJNIugFP5SIjwNRgo4DhR1Qxi26Gg==",
      "license": "MIT"
    },
    "node_modules/@gilbarbara/deep-equal": {
      "version": "0.4.1",
      "resolved": "https://registry.npmjs.org/@gilbarbara/deep-equal/-/deep-equal-0.4.1.tgz",
      "integrity": "sha512-QF2BGeQjsa59T59XvFdR3is5jrl28Eg0J6giXAC5919bcqvR8XP4B+07tpbs6Y6/IQd4FBncaL2WVXIBgSxt4w==",
      "license": "MIT"
    },
    "node_modules/@gilbarbara/hooks": {
      "version": "0.11.0",
      "resolved": "https://registry.npmjs.org/@gilbarbara/hooks/-/hooks-0.11.0.tgz",
      "integrity": "sha512-CIVazdxqFRplUfm9wZL3/0X1TURJekhPMWGFdWzEmyJrGPiotX2yxA1KiB8N7VnhawIaMtb2Apnda4Y6DRwi2Q==",
      "license": "MIT",
      "dependencies": {
        "@gilbarbara/deep-equal": "^0.4.1"
      },
      "peerDependencies": {
        "react": "16.8 - 19"
      }
    },
    "node_modules/@gilbarbara/types": {
      "version": "0.2.2",
      "resolved": "https://registry.npmjs.org/@gilbarbara/types/-/types-0.2.2.tgz",
      "integrity": "sha512-QuQDBRRcm1Q8AbSac2W1YElurOhprj3Iko/o+P1fJxUWS4rOGKMVli98OXS7uo4z+cKAif6a+L9bcZFSyauQpQ==",
      "license": "MIT",
      "dependencies": {
        "type-fest": "^4.1.0"
      }
    },
    "node_modules/@types/react": {
      "version": "19.2.14",
      "resolved": "https://registry.npmjs.org/@types/react/-/react-19.2.14.tgz",
      "integrity": "sha512-ilcTH/UniCkMdtexkoCN0bI7pMcJDvmQFPvuPvmEaYA/NSfFTAgdUSLAoVjaRJm7+6PvcM+q1zYOwS4wTYMF9w==",
      "license": "MIT",
      "dependencies": {
        "csstype": "^3.2.2"
      }
    },
    "node_modules/@types/react-dom": {
      "version": "19.2.3",
      "resolved": "https://registry.npmjs.org/@types/react-dom/-/react-dom-19.2.3.tgz",
      "integrity": "sha512-jp2L/eY6fn+KgVVQAOqYItbF0VY/YApe5Mz2F0aykSO8gx31bYCZyvSeYxCHKvzHG5eZjc+zyaS5BrBWya2+kQ==",
      "dev": true,
      "license": "MIT",
      "peerDependencies": {
        "@types/react": "^19.2.0"
      }
    },
    "node_modules/csstype": {
      "version": "3.2.3",
      "resolved": "https://registry.npmjs.org/csstype/-/csstype-3.2.3.tgz",
      "integrity": "sha512-z1HGKcYy2xA8AGQfwrn0PAy+PB7X/GSj3UVJW9qKyn43xWa+gl5nXmU4qqLMRzWVLFC8KusUX8T/0kCiOYpAIQ==",
      "license": "MIT"
    },
    "node_modules/is-lite": {
      "version": "2.0.0",
      "resolved": "https://registry.npmjs.org/is-lite/-/is-lite-2.0.0.tgz",
      "integrity": "sha512-70f2BMIQlbSUXVKaZUd9a9fJH3IH1PDckV0m4BIIO4LjnNYvOh4Ng7vXIXEwpA0KDZknRq+7fHwGTu0jIdx28g==",
      "license": "MIT"
    },
    "node_modules/react": {
      "version": "19.2.4",
      "resolved": "https://registry.npmjs.org/react/-/react-19.2.4.tgz",
      "integrity": "sha512-9nfp2hYpCwOjAN+8TZFGhtWEwgvWHXqESH8qT89AT/lWklpLON22Lc8pEtnpsZz7VmawabSU0gCjnj8aC0euHQ==",
      "license": "MIT",
      "peer": true,
      "engines": {
        "node": ">=0.10.0"
      }
    },
    "node_modules/react-dom": {
      "version": "19.2.4",
      "resolved": "https://registry.npmjs.org/react-dom/-/react-dom-19.2.4.tgz",
      "integrity": "sha512-AXJdLo8kgMbimY95O2aKQqsz2iWi9jMgKJhRBAxECE4IFxfcazB2LmzloIoibJI3C12IlY20+KFaLv+71bUJeQ==",
      "license": "MIT",
      "peer": true,
      "dependencies": {
        "scheduler": "^0.27.0"
      },
      "peerDependencies": {
        "react": "^19.2.4"
      }
    },
    "node_modules/react-innertext": {
      "version": "1.1.5",
      "resolved": "https://registry.npmjs.org/react-innertext/-/react-innertext-1.1.5.tgz",
      "integrity": "sha512-PWAqdqhxhHIv80dT9znP2KvS+hfkbRovFp4zFYHFFlOoQLRiawIic81gKb3U1wEyJZgMwgs3JoLtwryASRWP3Q==",
      "license": "MIT",
      "peerDependencies": {
        "@types/react": ">=0.0.0 <=99",
        "react": ">=0.0.0 <=99"
      }
    },
    "node_modules/react-joyride": {
      "version": "3.0.0",
      "resolved": "https://registry.npmjs.org/react-joyride/-/react-joyride-3.0.0.tgz",
      "integrity": "sha512-ut5kZEu0fZauOVW0JnX0s6Vcia/mAFxSLUIV7nu8025U47PktqN1fnLtMqE+IzgGac8F3id9IPd/U9APmWYvkA==",
      "license": "MIT",
      "dependencies": {
        "@fastify/deepmerge": "^3.2.1",
        "@floating-ui/react-dom": "^2.1.8",
        "@gilbarbara/deep-equal": "^0.4.1",
        "@gilbarbara/hooks": "^0.11.0",
        "@gilbarbara/types": "^0.2.2",
        "is-lite": "^2.0.0",
        "react-innertext": "^1.1.5",
        "scroll": "^3.0.1",
        "scrollparent": "^2.1.0",
        "use-sync-external-store": "^1.6.0"
      },
      "peerDependencies": {
        "react": "16.8 - 19",
        "react-dom": "16.8 - 19"
      }
    },
    "node_modules/scheduler": {
      "version": "0.27.0",
      "resolved": "https://registry.npmjs.org/scheduler/-/scheduler-0.27.0.tgz",
      "integrity": "sha512-eNv+WrVbKu1f3vbYJT/xtiF5syA5HPIMtf9IgY/nKg0sWqzAUEvqY/xm7OcZc/qafLx/iO9FgOmeSAp4v5ti/Q==",
      "license": "MIT",
      "peer": true
    },
    "node_modules/scroll": {
      "version": "3.0.1",
      "resolved": "https://registry.npmjs.org/scroll/-/scroll-3.0.1.tgz",
      "integrity": "sha512-pz7y517OVls1maEzlirKO5nPYle9AXsFzTMNJrRGmT951mzpIBy7sNHOg5o/0MQd/NqliCiWnAi0kZneMPFLcg==",
      "license": "MIT"
    },
    "node_modules/scrollparent": {
      "version": "2.1.0",
      "resolved": "https://registry.npmjs.org/scrollparent/-/scrollparent-2.1.0.tgz",
      "integrity": "sha512-bnnvJL28/Rtz/kz2+4wpBjHzWoEzXhVg/TE8BeVGJHUqE8THNIRnDxDWMktwM+qahvlRdvlLdsQfYe+cuqfZeA==",
      "license": "ISC"
    },
    "node_modules/type-fest": {
      "version": "4.41.0",
      "resolved": "https://registry.npmjs.org/type-fest/-/type-fest-4.41.0.tgz",
      "integrity": "sha512-TeTSQ6H5YHvpqVwBRcnLDCBnDOHWYu7IvGbHT6N8AOymcr9PJGjc1GTtiWZTYg0NCgYwvnYWEkVChQAr9bjfwA==",
      "license": "(MIT OR CC0-1.0)",
      "engines": {
        "node": ">=16"
      },
      "funding": {
        "url": "https://github.com/sponsors/sindresorhus"
      }
    },
    "node_modules/use-sync-external-store": {
      "version": "1.6.0",
      "resolved": "https://registry.npmjs.org/use-sync-external-store/-/use-sync-external-store-1.6.0.tgz",
      "integrity": "sha512-Pp6GSwGP/NrPIrxVFAIkOQeyw8lFenOHijQWkUTrDvrF4ALqylP2C/KCkeS9dpUM3KvYRQhna5vt7IL95+ZQ9w==",
      "license": "MIT",
      "peerDependencies": {
        "react": "^16.8.0 || ^17.0.0 || ^18.0.0 || ^19.0.0"
      }
    }
  }
}
